
Microsoft Visual Studio Solution File, Format Version 12.00
# Visual Studio 15
VisualStudioVersion = 15.0.28307.421
MinimumVisualStudioVersion = 10.0.40219.1
Project("{FAE04EC0-301F-11D3-BF4B-00C04F79EFBC}") = "Lab 2", "Lab 2.csproj", "{B72B1DBF-6B85-4F09-A08C-40CE5CB4A7A6}"
EndProject
Global
	GlobalSection(SolutionConfigurationPlatforms) = preSolution
		Debug|Any CPU = Debug|Any CPU
		Release|Any CPU = Release|Any CPU
	EndGlobalSection
	GlobalSection(ProjectConfigurationPlatforms) = postSolution
		{B72B1DBF-6B85-4F09-A08C-40CE5CB4A7A6}.Debug|Any CPU.ActiveCfg = Debug|Any CPU
		{B72B1DBF-6B85-4F09-A08C-40CE5CB4A7A6}.Debug|Any CPU.Build.0 = Debug|Any CPU
		{B72B1DBF-6B85-4F09-A08C-40CE5CB4A7A6}.Release|Any CPU.ActiveCfg = Release|Any CPU
		{B72B1DBF-6B85-4F09-A08C-40CE5CB4A7A6}.Release|Any CPU.Build.0 = Release|Any CPU
	EndGlobalSection
	GlobalSection(SolutionProperties) = preSolution
		HideSolutionNode = FALSE
	EndGlobalSection
	GlobalSection(ExtensibilityGlobals) = postSolution
		SolutionGuid = {C8BC0631-DEB9-46E2-85FB-432D4BEA49D9}
	EndGlobalSection
EndGlobal
